// !$*UTF8*$!
{
	archiveVersion = 1;
	classes = {
	};
	objectVersion = 46;
	objects = {

/* Begin PBXBuildFile section */
		65F60BB619A3F58900395586 /* Foundation.framework in Frameworks */ = {isa = PBXBuildFile; fileRef = 65F60BB519A3F58900395586 /* Foundation.framework */; };
		65F60BB819A3F58900395586 /* CoreGraphics.framework in Frameworks */ = {isa = PBXBuildFile; fileRef = 65F60BB719A3F58900395586 /* CoreGraphics.framework */; };
		65F60BBA19A3F58900395586 /* UIKit.framework in Frameworks */ = {isa = PBXBuildFile; fileRef = 65F60BB919A3F58900395586 /* UIKit.framework */; };
		65F60BC019A3F58900395586 /* InfoPlist.strings in Resources */ = {isa = PBXBuildFile; fileRef = 65F60BBE19A3F58900395586 /* InfoPlist.strings */; };
		65F60BC219A3F58900395586 /* main.m in Sources */ = {isa = PBXBuildFile; fileRef = 65F60BC119A3F58900395586 /* main.m */; };
		65F60BC619A3F58900395586 /* MBFAppDelegate.m in Sources */ = {isa = PBXBuildFile; fileRef = 65F60BC519A3F58900395586 /* MBFAppDelegate.m */; };
		65F60BC919A3F58900395586 /* Main.storyboard in Resources */ = {isa = PBXBuildFile; fileRef = 65F60BC719A3F58900395586 /* Main.storyboard */; };
		65F60BCC19A3F58900395586 /* MBFViewController.m in Sources */ = {isa = PBXBuildFile; fileRef = 65F60BCB19A3F58900395586 /* MBFViewController.m */; };
		65F60BCE19A3F58900395586 /* Images.xcassets in Resources */ = {isa = PBXBuildFile; fileRef = 65F60BCD19A3F58900395586 /* Images.xcassets */; };
		65F60BD519A3F58900395586 /* XCTest.framework in Frameworks */ = {isa = PBXBuildFile; fileRef = 65F60BD419A3F58900395586 /* XCTest.framework */; };
		65F60BD619A3F58900395586 /* Foundation.framework in Frameworks */ = {isa = PBXBuildFile; fileRef = 65F60BB519A3F58900395586 /* Foundation.framework */; };
		65F60BD719A3F58900395586 /* UIKit.framework in Frameworks */ = {isa = PBXBuildFile; fileRef = 65F60BB919A3F58900395586 /* UIKit.framework */; };
		65F60BDF19A3F58900395586 /* InfoPlist.strings in Resources */ = {isa = PBXBuildFile; fileRef = 65F60BDD19A3F58900395586 /* InfoPlist.strings */; };
		65F60BE119A3F58900395586 /* Man_s_Best_FriendTests.m in Sources */ = {isa = PBXBuildFile; fileRef = 65F60BE019A3F58900395586 /* Man_s_Best_FriendTests.m */; };
		65F60BEC19A3F5A400395586 /* MBFDog.m in Sources */ = {isa = PBXBuildFile; fileRef = 65F60BEB19A3F5A400395586 /* MBFDog.m */; };
		65F60BEE19A405B800395586 /* buying-bike_17477_600x450.jpg in Resources */ = {isa = PBXBuildFile; fileRef = 65F60BED19A405B800395586 /* buying-bike_17477_600x450.jpg */; };
		65F60BF019A4091200395586 /* bike.jpg in Resources */ = {isa = PBXBuildFile; fileRef = 65F60BEF19A4091200395586 /* bike.jpg */; };
		65F60BF219A4091900395586 /* Marin_bike.jpg in Resources */ = {isa = PBXBuildFile; fileRef = 65F60BF119A4091900395586 /* Marin_bike.jpg */; };
/* End PBXBuildFile section */

/* Begin PBXContainerItemProxy section */
		65F60BD819A3F58900395586 /* PBXContainerItemProxy */ = {
			isa = PBXContainerItemProxy;
			containerPortal = 65F60BAA19A3F58900395586 /* Project object */;
			proxyType = 1;
			remoteGlobalIDString = 65F60BB119A3F58900395586;
			remoteInfo = "Man's Best Friend";
		};
/* End PBXContainerItemProxy section */

/* Begin PBXFileReference section */
		65F60BB219A3F58900395586 /* Man's Best Friend.app */ = {isa = PBXFileReference; explicitFileType = wrapper.application; includeInIndex = 0; path = "Man's Best Friend.app"; sourceTree = BUILT_PRODUCTS_DIR; };
		65F60BB519A3F58900395586 /* Foundation.framework */ = {isa = PBXFileReference; lastKnownFileType = wrapper.framework; name = Foundation.framework; path = System/Library/Frameworks/Foundation.framework; sourceTree = SDKROOT; };
		65F60BB719A3F58900395586 /* CoreGraphics.framework */ = {isa = PBXFileReference; lastKnownFileType = wrapper.framework; name = CoreGraphics.framework; path = System/Library/Frameworks/CoreGraphics.framework; sourceTree = SDKROOT; };
		65F60BB919A3F58900395586 /* UIKit.framework */ = {isa = PBXFileReference; lastKnownFileType = wrapper.framework; name = UIKit.framework; path = System/Library/Frameworks/UIKit.framework; sourceTree = SDKROOT; };
		65F60BBD19A3F58900395586 /* Man's Best Friend-Info.plist */ = {isa = PBXFileReference; lastKnownFileType = text.plist.xml; path = "Man's Best Friend-Info.plist"; sourceTree = "<group>"; };
		65F60BBF19A3F58900395586 /* en */ = {isa = PBXFileReference; lastKnownFileType = text.plist.strings; name = en; path = en.lproj/InfoPlist.strings; sourceTree = "<group>"; };
		65F60BC119A3F58900395586 /* main.m */ = {isa = PBXFileReference; lastKnownFileType = sourcecode.c.objc; path = main.m; sourceTree = "<group>"; };
		65F60BC319A3F58900395586 /* Man's Best Friend-Prefix.pch */ = {isa = PBXFileReference; lastKnownFileType = sourcecode.c.h; path = "Man's Best Friend-Prefix.pch"; sourceTree = "<group>"; };
		65F60BC419A3F58900395586 /* MBFAppDelegate.h */ = {isa = PBXFileReference; lastKnownFileType = sourcecode.c.h; path = MBFAppDelegate.h; sourceTree = "<group>"; };
		65F60BC519A3F58900395586 /* MBFAppDelegate.m */ = {isa = PBXFileReference; lastKnownFileType = sourcecode.c.objc; path = MBFAppDelegate.m; sourceTree = "<group>"; };
		65F60BC819A3F58900395586 /* Base */ = {isa = PBXFileReference; lastKnownFileType = file.storyboard; name = Base; path = Base.lproj/Main.storyboard; sourceTree = "<group>"; };
		65F60BCA19A3F58900395586 /* MBFViewController.h */ = {isa = PBXFileReference; lastKnownFileType = sourcecode.c.h; path = MBFViewController.h; sourceTree = "<group>"; };
		65F60BCB19A3F58900395586 /* MBFViewController.m */ = {isa = PBXFileReference; lastKnownFileType = sourcecode.c.objc; path = MBFViewController.m; sourceTree = "<group>"; };
		65F60BCD19A3F58900395586 /* Images.xcassets */ = {isa = PBXFileReference; lastKnownFileType = folder.assetcatalog; path = Images.xcassets; sourceTree = "<group>"; };
		65F60BD319A3F58900395586 /* Man's Best FriendTests.xctest */ = {isa = PBXFileReference; explicitFileType = wrapper.cfbundle; includeInIndex = 0; path = "Man's Best FriendTests.xctest"; sourceTree = BUILT_PRODUCTS_DIR; };
		65F60BD419A3F58900395586 /* XCTest.framework */ = {isa = PBXFileReference; lastKnownFileType = wrapper.framework; name = XCTest.framework; path = Library/Frameworks/XCTest.framework; sourceTree = DEVELOPER_DIR; };
		65F60BDC19A3F58900395586 /* Man's Best FriendTests-Info.plist */ = {isa = PBXFileReference; lastKnownFileType = text.plist.xml; path = "Man's Best FriendTests-Info.plist"; sourceTree = "<group>"; };
		65F60BDE19A3F58900395586 /* en */ = {isa = PBXFileReference; lastKnownFileType = text.plist.strings; name = en; path = en.lproj/InfoPlist.strings; sourceTree = "<group>"; };
		65F60BE019A3F58900395586 /* Man_s_Best_FriendTests.m */ = {isa = PBXFileReference; lastKnownFileType = sourcecode.c.objc; path = Man_s_Best_FriendTests.m; sourceTree = "<group>"; };
		65F60BEA19A3F5A400395586 /* MBFDog.h */ = {isa = PBXFileReference; fileEncoding = 4; lastKnownFileType = sourcecode.c.h; name = MBFDog.h; path = ../MBFDog.h; sourceTree = "<group>"; };
		65F60BEB19A3F5A400395586 /* MBFDog.m */ = {isa = PBXFileReference; fileEncoding = 4; lastKnownFileType = sourcecode.c.objc; name = MBFDog.m; path = ../MBFDog.m; sourceTree = "<group>"; };
		65F60BED19A405B800395586 /* buying-bike_17477_600x450.jpg */ = {isa = PBXFileReference; lastKnownFileType = image.jpeg; path = "buying-bike_17477_600x450.jpg"; sourceTree = "<group>"; };
		65F60BEF19A4091200395586 /* bike.jpg */ = {isa = PBXFileReference; lastKnownFileType = image.jpeg; path = bike.jpg; sourceTree = "<group>"; };
		65F60BF119A4091900395586 /* Marin_bike.jpg */ = {isa = PBXFileReference; lastKnownFileType = image.jpeg; path = Marin_bike.jpg; sourceTree = "<group>"; };
/* End PBXFileReference section */

/* Begin PBXFrameworksBuildPhase section */
		65F60BAF19A3F58900395586 /* Frameworks */ = {
			isa = PBXFrameworksBuildPhase;
			buildActionMask = 2147483647;
			files = (
				65F60BB819A3F58900395586 /* CoreGraphics.framework in Frameworks */,
				65F60BBA19A3F58900395586 /* UIKit.framework in Frameworks */,
				65F60BB619A3F58900395586 /* Foundation.framework in Frameworks */,
			);
			runOnlyForDeploymentPostprocessing = 0;
		};
		65F60BD019A3F58900395586 /* Frameworks */ = {
			isa = PBXFrameworksBuildPhase;
			buildActionMask = 2147483647;
			files = (
				65F60BD519A3F58900395586 /* XCTest.framework in Frameworks */,
				65F60BD719A3F58900395586 /* UIKit.framework in Frameworks */,
				65F60BD619A3F58900395586 /* Foundation.framework in Frameworks */,
			);
			runOnlyForDeploymentPostprocessing = 0;
		};
/* End PBXFrameworksBuildPhase section */

/* Begin PBXGroup section */
		65F60BA919A3F58900395586 = {
			isa = PBXGroup;
			children = (
				65F60BBB19A3F58900395586 /* Man's Best Friend */,
				65F60BDA19A3F58900395586 /* Man's Best FriendTests */,
				65F60BB419A3F58900395586 /* Frameworks */,
				65F60BB319A3F58900395586 /* Products */,
			);
			sourceTree = "<group>";
		};
		65F60BB319A3F58900395586 /* Products */ = {
			isa = PBXGroup;
			children = (
				65F60BB219A3F58900395586 /* Man's Best Friend.app */,
				65F60BD319A3F58900395586 /* Man's Best FriendTests.xctest */,
			);
			name = Products;
			sourceTree = "<group>";
		};
		65F60BB419A3F58900395586 /* Frameworks */ = {
			isa = PBXGroup;
			children = (
				65F60BB519A3F58900395586 /* Foundation.framework */,
				65F60BB719A3F58900395586 /* CoreGraphics.framework */,
				65F60BB919A3F58900395586 /* UIKit.framework */,
				65F60BD419A3F58900395586 /* XCTest.framework */,
			);
			name = Frameworks;
			sourceTree = "<group>";
		};
		65F60BBB19A3F58900395586 /* Man's Best Friend */ = {
			isa = PBXGroup;
			children = (
				65F60BC419A3F58900395586 /* MBFAppDelegate.h */,
				65F60BC519A3F58900395586 /* MBFAppDelegate.m */,
				65F60BEA19A3F5A400395586 /* MBFDog.h */,
				65F60BEB19A3F5A400395586 /* MBFDog.m */,
				65F60BC719A3F58900395586 /* Main.storyboard */,
				65F60BCA19A3F58900395586 /* MBFViewController.h */,
				65F60BCB19A3F58900395586 /* MBFViewController.m */,
				65F60BCD19A3F58900395586 /* Images.xcassets */,
				65F60BBC19A3F58900395586 /* Supporting Files */,
			);
			path = "Man's Best Friend";
			sourceTree = "<group>";
		};
		65F60BBC19A3F58900395586 /* Supporting Files */ = {
			isa = PBXGroup;
			children = (
				65F60BF119A4091900395586 /* Marin_bike.jpg */,
				65F60BEF19A4091200395586 /* bike.jpg */,
				65F60BED19A405B800395586 /* buying-bike_17477_600x450.jpg */,
				65F60BBD19A3F58900395586 /* Man's Best Friend-Info.plist */,
				65F60BBE19A3F58900395586 /* InfoPlist.strings */,
				65F60BC119A3F58900395586 /* main.m */,
				65F60BC319A3F58900395586 /* Man's Best Friend-Prefix.pch */,
			);
			name = "Supporting Files";
			sourceTree = "<group>";
		};
		65F60BDA19A3F58900395586 /* Man's Best FriendTests */ = {
			isa = PBXGroup;
			children = (
				65F60BE019A3F58900395586 /* Man_s_Best_FriendTests.m */,
				65F60BDB19A3F58900395586 /* Supporting Files */,
			);
			path = "Man's Best FriendTests";
			sourceTree = "<group>";
		};
		65F60BDB19A3F58900395586 /* Supporting Files */ = {
			isa = PBXGroup;
			children = (
				65F60BDC19A3F58900395586 /* Man's Best FriendTests-Info.plist */,
				65F60BDD19A3F58900395586 /* InfoPlist.strings */,
			);
			name = "Supporting Files";
			sourceTree = "<group>";
		};
/* End PBXGroup section */

/* Begin PBXNativeTarget section */
		65F60BB119A3F58900395586 /* Man's Best Friend */ = {
			isa = PBXNativeTarget;
			buildConfigurationList = 65F60BE419A3F58900395586 /* Build configuration list for PBXNativeTarget "Man's Best Friend" */;
			buildPhases = (
				65F60BAE19A3F58900395586 /* Sources */,
				65F60BAF19A3F58900395586 /* Frameworks */,
				65F60BB019A3F58900395586 /* Resources */,
			);
			buildRules = (
			);
			dependencies = (
			);
			name = "Man's Best Friend";
			productName = "Man's Best Friend";
			productReference = 65F60BB219A3F58900395586 /* Man's Best Friend.app */;
			productType = "com.apple.product-type.application";
		};
		65F60BD219A3F58900395586 /* Man's Best FriendTests */ = {
			isa = PBXNativeTarget;
			buildConfigurationList = 65F60BE719A3F58900395586 /* Build configuration list for PBXNativeTarget "Man's Best FriendTests" */;
			buildPhases = (
				65F60BCF19A3F58900395586 /* Sources */,
				65F60BD019A3F58900395586 /* Frameworks */,
				65F60BD119A3F58900395586 /* Resources */,
			);
			buildRules = (
			);
			dependencies = (
				65F60BD919A3F58900395586 /* PBXTargetDependency */,
			);
			name = "Man's Best FriendTests";
			productName = "Man's Best FriendTests";
			productReference = 65F60BD319A3F58900395586 /* Man's Best FriendTests.xctest */;
			productType = "com.apple.product-type.bundle.unit-test";
		};
/* End PBXNativeTarget section */

/* Begin PBXProject section */
		65F60BAA19A3F58900395586 /* Project object */ = {
			isa = PBXProject;
			attributes = {
				CLASSPREFIX = MBF;
				LastUpgradeCheck = 0510;
				ORGANIZATIONNAME = Pseudozach;
				TargetAttributes = {
					65F60BD219A3F58900395586 = {
						TestTargetID = 65F60BB119A3F58900395586;
					};
				};
			};
			buildConfigurationList = 65F60BAD19A3F58900395586 /* Build configuration list for PBXProject "Man's Best Friend" */;
			compatibilityVersion = "Xcode 3.2";
			developmentRegion = English;
			hasScannedForEncodings = 0;
			knownRegions = (
				en,
				Base,
			);
			mainGroup = 65F60BA919A3F58900395586;
			productRefGroup = 65F60BB319A3F58900395586 /* Products */;
			projectDirPath = "";
			projectRoot = "";
			targets = (
				65F60BB119A3F58900395586 /* Man's Best Friend */,
				65F60BD219A3F58900395586 /* Man's Best FriendTests */,
			);
		};
/* End PBXProject section */

/* Begin PBXResourcesBuildPhase section */
		65F60BB019A3F58900395586 /* Resources */ = {
			isa = PBXResourcesBuildPhase;
			buildActionMask = 2147483647;
			files = (
				65F60BCE19A3F58900395586 /* Images.xcassets in Resources */,
				65F60BF019A4091200395586 /* bike.jpg in Resources */,
				65F60BF219A4091900395586 /* Marin_bike.jpg in Resources */,
				65F60BEE19A405B800395586 /* buying-bike_17477_600x450.jpg in Resources */,
				65F60BC019A3F58900395586 /* InfoPlist.strings in Resources */,
				65F60BC919A3F58900395586 /* Main.storyboard in Resources */,
			);
			runOnlyForDeploymentPostprocessing = 0;
		};
		65F60BD119A3F58900395586 /* Resources */ = {
			isa = PBXResourcesBuildPhase;
			buildActionMask = 2147483647;
			files = (
				65F60BDF19A3F58900395586 /* InfoPlist.strings in Resources */,
			);
			runOnlyForDeploymentPostprocessing = 0;
		};
/* End PBXResourcesBuildPhase section */

/* Begin PBXSourcesBuildPhase section */
		65F60BAE19A3F58900395586 /* Sources */ = {
			isa = PBXSourcesBuildPhase;
			buildActionMask = 2147483647;
			files = (
				65F60BC619A3F58900395586 /* MBFAppDelegate.m in Sources */,
				65F60BCC19A3F58900395586 /* MBFViewController.m in Sources */,
				65F60BEC19A3F5A400395586 /* MBFDog.m in Sources */,
				65F60BC219A3F58900395586 /* main.m in Sources */,
			);
			runOnlyForDeploymentPostprocessing = 0;
		};
		65F60BCF19A3F58900395586 /* Sources */ = {
			isa = PBXSourcesBuildPhase;
			buildActionMask = 2147483647;
			files = (
				65F60BE119A3F58900395586 /* Man_s_Best_FriendTests.m in Sources */,
			);
			runOnlyForDeploymentPostprocessing = 0;
		};
/* End PBXSourcesBuildPhase section */

/* Begin PBXTargetDependency section */
		65F60BD919A3F58900395586 /* PBXTargetDependency */ = {
			isa = PBXTargetDependency;
			target = 65F60BB119A3F58900395586 /* Man's Best Friend */;
			targetProxy = 65F60BD819A3F58900395586 /* PBXContainerItemProxy */;
		};
/* End PBXTargetDependency section */

/* Begin PBXVariantGroup section */
		65F60BBE19A3F58900395586 /* InfoPlist.strings */ = {
			isa = PBXVariantGroup;
			children = (
				65F60BBF19A3F58900395586 /* en */,
			);
			name = InfoPlist.strings;
			sourceTree = "<group>";
		};
		65F60BC719A3F58900395586 /* Main.storyboard */ = {
			isa = PBXVariantGroup;
			children = (
				65F60BC819A3F58900395586 /* Base */,
			);
			name = Main.storyboard;
			sourceTree = "<group>";
		};
		65F60BDD19A3F58900395586 /* InfoPlist.strings */ = {
			isa = PBXVariantGroup;
			children = (
				65F60BDE19A3F58900395586 /* en */,
			);
			name = InfoPlist.strings;
			sourceTree = "<group>";
		};
/* End PBXVariantGroup section */

/* Begin XCBuildConfiguration section */
		65F60BE219A3F58900395586 /* Debug */ = {
			isa = XCBuildConfiguration;
			buildSettings = {
				ALWAYS_SEARCH_USER_PATHS = NO;
				CLANG_CXX_LANGUAGE_STANDARD = "gnu++0x";
				CLANG_CXX_LIBRARY = "libc++";
				CLANG_ENABLE_MODULES = YES;
				CLANG_ENABLE_OBJC_ARC = YES;
				CLANG_WARN_BOOL_CONVERSION = YES;
				CLANG_WARN_CONSTANT_CONVERSION = YES;
				CLANG_WARN_DIRECT_OBJC_ISA_USAGE = YES_ERROR;
				CLANG_WARN_EMPTY_BODY = YES;
				CLANG_WARN_ENUM_CONVERSION = YES;
				CLANG_WARN_INT_CONVERSION = YES;
				CLANG_WARN_OBJC_ROOT_CLASS = YES_ERROR;
				CLANG_WARN__DUPLICATE_METHOD_MATCH = YES;
				"CODE_SIGN_IDENTITY[sdk=iphoneos*]" = "iPhone Developer";
				COPY_PHASE_STRIP = NO;
				GCC_C_LANGUAGE_STANDARD = gnu99;
				GCC_DYNAMIC_NO_PIC = NO;
				GCC_OPTIMIZATION_LEVEL = 0;
				GCC_PREPROCESSOR_DEFINITIONS = (
					"DEBUG=1",
					"$(inherited)",
				);
				GCC_SYMBOLS_PRIVATE_EXTERN = NO;
				GCC_WARN_64_TO_32_BIT_CONVERSION = YES;
				GCC_WARN_ABOUT_RETURN_TYPE = YES_ERROR;
				GCC_WARN_UNDECLARED_SELECTOR = YES;
				GCC_WARN_UNINITIALIZED_AUTOS = YES_AGGRESSIVE;
				GCC_WARN_UNUSED_FUNCTION = YES;
				GCC_WARN_UNUSED_VARIABLE = YES;
				IPHONEOS_DEPLOYMENT_TARGET = 7.1;
				ONLY_ACTIVE_ARCH = YES;
				SDKROOT = iphoneos;
			};
			name = Debug;
		};
		65F60BE319A3F58900395586 /* Release */ = {
			isa = XCBuildConfiguration;
			buildSettings = {
				ALWAYS_SEARCH_USER_PATHS = NO;
				CLANG_CXX_LANGUAGE_STANDARD = "gnu++0x";
				CLANG_CXX_LIBRARY = "libc++";
				CLANG_ENABLE_MODULES = YES;
				CLANG_ENABLE_OBJC_ARC = YES;
				CLANG_WARN_BOOL_CONVERSION = YES;
				CLANG_WARN_CONSTANT_CONVERSION = YES;
				CLANG_WARN_DIRECT_OBJC_ISA_USAGE = YES_ERROR;
				CLANG_WARN_EMPTY_BODY = YES;
				CLANG_WARN_ENUM_CONVERSION = YES;
				CLANG_WARN_INT_CONVERSION = YES;
				CLANG_WARN_OBJC_ROOT_CLASS = YES_ERROR;
				CLANG_WARN__DUPLICATE_METHOD_MATCH = YES;
				"CODE_SIGN_IDENTITY[sdk=iphoneos*]" = "iPhone Developer";
				COPY_PHASE_STRIP = YES;
				ENABLE_NS_ASSERTIONS = NO;
				GCC_C_LANGUAGE_STANDARD = gnu99;
				GCC_WARN_64_TO_32_BIT_CONVERSION = YES;
				GCC_WARN_ABOUT_RETURN_TYPE = YES_ERROR;
				GCC_WARN_UNDECLARED_SELECTOR = YES;
				GCC_WARN_UNINITIALIZED_AUTOS = YES_AGGRESSIVE;
				GCC_WARN_UNUSED_FUNCTION = YES;
				GCC_WARN_UNUSED_VARIABLE = YES;
				IPHONEOS_DEPLOYMENT_TARGET = 7.1;
				SDKROOT = iphoneos;
				VALIDATE_PRODUCT = YES;
			};
			name = Release;
		};
		65F60BE519A3F58900395586 /* Debug */ = {
			isa = XCBuildConfiguration;
			buildSettings = {
				ASSETCATALOG_COMPILER_APPICON_NAME = AppIcon;
				ASSETCATALOG_COMPILER_LAUNCHIMAGE_NAME = LaunchImage;
				GCC_PRECOMPILE_PREFIX_HEADER = YES;
				GCC_PREFIX_HEADER = "Man's Best Friend/Man's Best Friend-Prefix.pch";
				INFOPLIST_FILE = "Man's Best Friend/Man's Best Friend-Info.plist";
				PRODUCT_NAME = "$(TARGET_NAME)";
				WRAPPER_EXTENSION = app;
			};
			name = Debug;
		};
		65F60BE619A3F58900395586 /* Release */ = {
			isa = XCBuildConfiguration;
			buildSettings = {
				ASSETCATALOG_COMPILER_APPICON_NAME = AppIcon;
				ASSETCATALOG_COMPILER_LAUNCHIMAGE_NAME = LaunchImage;
				GCC_PRECOMPILE_PREFIX_HEADER = YES;
				GCC_PREFIX_HEADER = "Man's Best Friend/Man's Best Friend-Prefix.pch";
				INFOPLIST_FILE = "Man's Best Friend/Man's Best Friend-Info.plist";
				PRODUCT_NAME = "$(TARGET_NAME)";
				WRAPPER_EXTENSION = app;
			};
			name = Release;
		};
		65F60BE819A3F58900395586 /* Debug */ = {
			isa = XCBuildConfiguration;
			buildSettings = {
				BUNDLE_LOADER = "$(BUILT_PRODUCTS_DIR)/Man's Best Friend.app/Man's Best Friend";
				FRAMEWORK_SEARCH_PATHS = (
					"$(SDKROOT)/Developer/Library/Frameworks",
					"$(inherited)",
					"$(DEVELOPER_FRAMEWORKS_DIR)",
				);
				GCC_PRECOMPILE_PREFIX_HEADER = YES;
				GCC_PREFIX_HEADER = "Man's Best Friend/Man's Best Friend-Prefix.pch";
				GCC_PREPROCESSOR_DEFINITIONS = (
					"DEBUG=1",
					"$(inherited)",
				);
				INFOPLIST_FILE = "Man's Best FriendTests/Man's Best FriendTests-Info.plist";
				PRODUCT_NAME = "$(TARGET_NAME)";
				TEST_HOST = "$(BUNDLE_LOADER)";
				WRAPPER_EXTENSION = xctest;
			};
			name = Debug;
		};
		65F60BE919A3F58900395586 /* Release */ = {
			isa = XCBuildConfiguration;
			buildSettings = {
				BUNDLE_LOADER = "$(BUILT_PRODUCTS_DIR)/Man's Best Friend.app/Man's Best Friend";
				FRAMEWORK_SEARCH_PATHS = (
					"$(SDKROOT)/Developer/Library/Frameworks",
					"$(inherited)",
					"$(DEVELOPER_FRAMEWORKS_DIR)",
				);
				GCC_PRECOMPILE_PREFIX_HEADER = YES;
				GCC_PREFIX_HEADER = "Man's Best Friend/Man's Best Friend-Prefix.pch";
				INFOPLIST_FILE = "Man's Best FriendTests/Man's Best FriendTests-Info.plist";
				PRODUCT_NAME = "$(TARGET_NAME)";
				TEST_HOST = "$(BUNDLE_LOADER)";
				WRAPPER_EXTENSION = xctest;
			};
			name = Release;
		};
/* End XCBuildConfiguration section */

/* Begin XCConfigurationList section */
		65F60BAD19A3F58900395586 /* Build configuration list for PBXProject "Man's Best Friend" */ = {
			isa = XCConfigurationList;
			buildConfigurations = (
				65F60BE219A3F58900395586 /* Debug */,
				65F60BE319A3F58900395586 /* Release */,
			);
			defaultConfigurationIsVisible = 0;
			defaultConfigurationName = Release;
		};
		65F60BE419A3F58900395586 /* Build configuration list for PBXNativeTarget "Man's Best Friend" */ = {
			isa = XCConfigurationList;
			buildConfigurations = (
				65F60BE519A3F58900395586 /* Debug */,
				65F60BE619A3F58900395586 /* Release */,
			);
			defaultConfigurationIsVisible = 0;
		};
		65F60BE719A3F58900395586 /* Build configuration list for PBXNativeTarget "Man's Best FriendTests" */ = {
			isa = XCConfigurationList;
			buildConfigurations = (
				65F60BE819A3F58900395586 /* Debug */,
				65F60BE919A3F58900395586 /* Release */,
			);
			defaultConfigurationIsVisible = 0;
		};
/* End XCConfigurationList section */
	};
	rootObject = 65F60BAA19A3F58900395586 /* Project object */;
}
